<?xml version="1.0" encoding="utf-8"?>
<Project ToolsVersion="4.0" xmlns="http://schemas.microsoft.com/developer/msbuild/2003">
  <ItemGroup>
    <Filter Include="源文件">
      <UniqueIdentifier>{4FC737F1-C7A5-4376-A066-2A32D752A2FF}</UniqueIdentifier>
      <Extensions>cpp;c;cc;cxx;c++;cppm;ixx;def;odl;idl;hpj;bat;asm;asmx</Extensions>
    </Filter>
    <Filter Include="头文件">
      <UniqueIdentifier>{93995380-89BD-4b04-88EB-625FBE52EBFB}</UniqueIdentifier>
      <Extensions>h;hh;hpp;hxx;h++;hm;inl;inc;ipp;xsd</Extensions>
    </Filter>
    <Filter Include="资源文件">
      <UniqueIdentifier>{67DA6AB6-F800-4c08-8B7A-83BB121AAD01}</UniqueIdentifier>
      <Extensions>rc;ico;cur;bmp;dlg;rc2;rct;bin;rgs;gif;jpg;jpeg;jpe;resx;tiff;tif;png;wav;mfcribbon-ms</Extensions>
    </Filter>
  </ItemGroup>
  <ItemGroup>
    <ClCompile Include="main.cpp">
      <Filter>源文件</Filter>
    </ClCompile>
    <ClCompile Include="game\GameEngine.cpp">
      <Filter>源文件</Filter>
    </ClCompile>
    <ClCompile Include="game\DungeonMap.cpp">
      <Filter>源文件</Filter>
    </ClCompile>
    <ClCompile Include="game\Renderer.cpp">
      <Filter>源文件</Filter>
    </ClCompile>
    <ClCompile Include="game\EventBus.cpp">
      <Filter>源文件</Filter>
    </ClCompile>
    <ClCompile Include="entity\Entity.cpp">
      <Filter>源文件</Filter>
    </ClCompile>
    <ClCompile Include="entity\Player.cpp">
      <Filter>源文件</Filter>
    </ClCompile>
    <ClCompile Include="entity\Enemy.cpp">
      <Filter>源文件</Filter>
    </ClCompile>
    <ClCompile Include="entity\EnemyFactory.cpp">
      <Filter>源文件</Filter>
    </ClCompile>
    <ClCompile Include="entity\enemies\Bug.cpp">
      <Filter>源文件</Filter>
    </ClCompile>
    <ClCompile Include="entity\enemies\MemoryLeak.cpp">
      <Filter>源文件</Filter>
    </ClCompile>
    <ClCompile Include="entity\enemies\NullPointer.cpp">
      <Filter>源文件</Filter>
    </ClCompile>
    <ClCompile Include="entity\enemies\StackOverflow.cpp">
      <Filter>源文件</Filter>
    </ClCompile>
    <ClCompile Include="entity\enemies\Segfault.cpp">
      <Filter>源文件</Filter>
    </ClCompile>
    <ClCompile Include="combat\CombatSystem.cpp">
      <Filter>源文件</Filter>
    </ClCompile>
    <ClCompile Include="combat\Command.cpp">
      <Filter>源文件</Filter>
    </ClCompile>
    <ClCompile Include="combat\SpellSystem.cpp">
      <Filter>源文件</Filter>
    </ClCompile>
    <ClCompile Include="combat\SpellBook.cpp">
      <Filter>源文件</Filter>
    </ClCompile>
    <ClCompile Include="item\Item.cpp">
      <Filter>源文件</Filter>
    </ClCompile>
    <ClCompile Include="item\CodeFragment.cpp">
      <Filter>源文件</Filter>
    </ClCompile>
    <ClCompile Include="item\Inventory.cpp">
      <Filter>源文件</Filter>
    </ClCompile>
    <ClCompile Include="item\Potion.cpp">
      <Filter>源文件</Filter>
    </ClCompile>
    <ClCompile Include="ai\AITypes.cpp">
      <Filter>源文件</Filter>
    </ClCompile>
  </ItemGroup>
  <ItemGroup>
    <ClInclude Include="game\GameEngine.h">
      <Filter>头文件</Filter>
    </ClInclude>
    <ClInclude Include="game\DungeonMap.h">
      <Filter>头文件</Filter>
    </ClInclude>
    <ClInclude Include="game\Renderer.h">
      <Filter>头文件</Filter>
    </ClInclude>
    <ClInclude Include="game\EventBus.h">
      <Filter>头文件</Filter>
    </ClInclude>
    <ClInclude Include="entity\Entity.h">
      <Filter>头文件</Filter>
    </ClInclude>
    <ClInclude Include="entity\NPC.h">
      <Filter>头文件</Filter>
    </ClInclude>
    <ClInclude Include="entity\Player.h">
      <Filter>头文件</Filter>
    </ClInclude>
    <ClInclude Include="entity\Enemy.h">
      <Filter>头文件</Filter>
    </ClInclude>
    <ClInclude Include="entity\EnemyFactory.h">
      <Filter>头文件</Filter>
    </ClInclude>
    <ClInclude Include="entity\enemies\Bug.h">
      <Filter>头文件</Filter>
    </ClInclude>
    <ClInclude Include="entity\enemies\MemoryLeak.h">
      <Filter>头文件</Filter>
    </ClInclude>
    <ClInclude Include="entity\enemies\NullPointer.h">
      <Filter>头文件</Filter>
    </ClInclude>
    <ClInclude Include="entity\enemies\StackOverflow.h">
      <Filter>头文件</Filter>
    </ClInclude>
    <ClInclude Include="entity\enemies\Segfault.h">
      <Filter>头文件</Filter>
    </ClInclude>
    <ClInclude Include="combat\CombatSystem.h">
      <Filter>头文件</Filter>
    </ClInclude>
    <ClInclude Include="combat\Command.h">
      <Filter>头文件</Filter>
    </ClInclude>
    <ClInclude Include="combat\SpellSystem.h">
      <Filter>头文件</Filter>
    </ClInclude>
    <ClInclude Include="combat\SpellBook.h">
      <Filter>头文件</Filter>
    </ClInclude>
    <ClInclude Include="item\Item.h">
      <Filter>头文件</Filter>
    </ClInclude>
    <ClInclude Include="item\CodeFragment.h">
      <Filter>头文件</Filter>
    </ClInclude>
    <ClInclude Include="item\KeyItem.h">
      <Filter>头文件</Filter>
    </ClInclude>
    <ClInclude Include="item\QuestItem.h">
      <Filter>头文件</Filter>
    </ClInclude>
    <ClInclude Include="item\Inventory.h">
      <Filter>头文件</Filter>
    </ClInclude>
    <ClInclude Include="item\Potion.h">
      <Filter>头文件</Filter>
    </ClInclude>
    <ClInclude Include="ai\EnemyAI.h">
      <Filter>头文件</Filter>
    </ClInclude>
    <ClInclude Include="ai\AITypes.h">
      <Filter>头文件</Filter>
    </ClInclude>
  </ItemGroup>
</Project>